
Microsoft Visual Studio Solution File, Format Version 12.00
# Visual Studio Version 17
VisualStudioVersion = 17.10.34916.146
MinimumVisualStudioVersion = 10.0.40219.1
Project("{FAE04EC0-301F-11D3-BF4B-00C04F79EFBC}") = "web", "web\web.csproj", "{C999EBEA-41AB-4A98-8742-AC09A0C5FF9B}"
EndProject
Project("{FAE04EC0-301F-11D3-BF4B-00C04F79EFBC}") = "Infrastructure", "Infrastructure\Infrastructure.csproj", "{7F915325-D7B1-45F7-B82D-60F406FD0E83}"
EndProject
Project("{FAE04EC0-301F-11D3-BF4B-00C04F79EFBC}") = "Application", "Application\Application.csproj", "{8B48784F-1C68-47FA-8268-DE91C2A8B095}"
EndProject
Project("{FAE04EC0-301F-11D3-BF4B-00C04F79EFBC}") = "Test", "Test\Test.csproj", "{2D876756-6B90-4536-8181-7BED9D0997C3}"
EndProject
Global
	GlobalSection(SolutionConfigurationPlatforms) = preSolution
		Debug|Any CPU = Debug|Any CPU
		Release|Any CPU = Release|Any CPU
	EndGlobalSection
	GlobalSection(ProjectConfigurationPlatforms) = postSolution
		{C999EBEA-41AB-4A98-8742-AC09A0C5FF9B}.Debug|Any CPU.ActiveCfg = Debug|Any CPU
		{C999EBEA-41AB-4A98-8742-AC09A0C5FF9B}.Debug|Any CPU.Build.0 = Debug|Any CPU
		{C999EBEA-41AB-4A98-8742-AC09A0C5FF9B}.Release|Any CPU.ActiveCfg = Release|Any CPU
		{C999EBEA-41AB-4A98-8742-AC09A0C5FF9B}.Release|Any CPU.Build.0 = Release|Any CPU
		{7F915325-D7B1-45F7-B82D-60F406FD0E83}.Debug|Any CPU.ActiveCfg = Debug|Any CPU
		{7F915325-D7B1-45F7-B82D-60F406FD0E83}.Debug|Any CPU.Build.0 = Debug|Any CPU
		{7F915325-D7B1-45F7-B82D-60F406FD0E83}.Release|Any CPU.ActiveCfg = Release|Any CPU
		{7F915325-D7B1-45F7-B82D-60F406FD0E83}.Release|Any CPU.Build.0 = Release|Any CPU
		{8B48784F-1C68-47FA-8268-DE91C2A8B095}.Debug|Any CPU.ActiveCfg = Debug|Any CPU
		{8B48784F-1C68-47FA-8268-DE91C2A8B095}.Debug|Any CPU.Build.0 = Debug|Any CPU
		{8B48784F-1C68-47FA-8268-DE91C2A8B095}.Release|Any CPU.ActiveCfg = Release|Any CPU
		{8B48784F-1C68-47FA-8268-DE91C2A8B095}.Release|Any CPU.Build.0 = Release|Any CPU
		{2D876756-6B90-4536-8181-7BED9D0997C3}.Debug|Any CPU.ActiveCfg = Debug|Any CPU
		{2D876756-6B90-4536-8181-7BED9D0997C3}.Debug|Any CPU.Build.0 = Debug|Any CPU
		{2D876756-6B90-4536-8181-7BED9D0997C3}.Release|Any CPU.ActiveCfg = Release|Any CPU
		{2D876756-6B90-4536-8181-7BED9D0997C3}.Release|Any CPU.Build.0 = Release|Any CPU
	EndGlobalSection
	GlobalSection(SolutionProperties) = preSolution
		HideSolutionNode = FALSE
	EndGlobalSection
	GlobalSection(ExtensibilityGlobals) = postSolution
		SolutionGuid = {0E067182-EC91-4B79-90AA-24A27D72CF09}
	EndGlobalSection
EndGlobal
